{
  "name": "bsb-520-include",
  "version": "0.1.0",
  "lockfileVersion": 1,
  "requires": true,
  "dependencies": {
    "bs-platform": {
      "version": "5.2.0",
      "resolved": "https://registry.npmjs.org/bs-platform/-/bs-platform-5.2.0.tgz",
      "integrity": "sha512-miyePsOF9VbuhT5QD5E/hb+l454Fo4MAcg5xV1GJhbWxmejuF/X7mCYUsNrK1UUAaYt8hnoyFdeLG22sxVta9A==",
      "dev": true
    }
  }
}
